
Microsoft Visual Studio Solution File, Format Version 12.00
# Visual Studio 2015
Project("{FAE04EC0-301F-11D3-BF4B-00C04F79EFBC}") = "FrameSync.CSharp", "FrameSync.CSharp.csproj", "{66DEB9F8-A40C-6E6F-0408-26F7AC57DFED}"
EndProject
Project("{FAE04EC0-301F-11D3-BF4B-00C04F79EFBC}") = "FrameSync.CSharp.Editor", "FrameSync.CSharp.Editor.csproj", "{BC55B981-8D19-1B3F-6FE2-D92521E89625}"
EndProject
Global
	GlobalSection(SolutionConfigurationPlatforms) = preSolution
		Debug|Any CPU = Debug|Any CPU
		Release|Any CPU = Release|Any CPU
	EndGlobalSection
	GlobalSection(ProjectConfigurationPlatforms) = postSolution
		{66DEB9F8-A40C-6E6F-0408-26F7AC57DFED}.Debug|Any CPU.ActiveCfg = Debug|Any CPU
		{66DEB9F8-A40C-6E6F-0408-26F7AC57DFED}.Debug|Any CPU.Build.0 = Debug|Any CPU
		{66DEB9F8-A40C-6E6F-0408-26F7AC57DFED}.Release|Any CPU.ActiveCfg = Release|Any CPU
		{66DEB9F8-A40C-6E6F-0408-26F7AC57DFED}.Release|Any CPU.Build.0 = Release|Any CPU
		{BC55B981-8D19-1B3F-6FE2-D92521E89625}.Debug|Any CPU.ActiveCfg = Debug|Any CPU
		{BC55B981-8D19-1B3F-6FE2-D92521E89625}.Debug|Any CPU.Build.0 = Debug|Any CPU
		{BC55B981-8D19-1B3F-6FE2-D92521E89625}.Release|Any CPU.ActiveCfg = Release|Any CPU
		{BC55B981-8D19-1B3F-6FE2-D92521E89625}.Release|Any CPU.Build.0 = Release|Any CPU
	EndGlobalSection
	GlobalSection(SolutionProperties) = preSolution
		HideSolutionNode = FALSE
	EndGlobalSection
EndGlobal
